{
    "_meta": {
        "hash": {
            "sha256": "a694b6b0a1b402f63b9b156920a11918a061a1b7fb16598548349aa48de58b0e"
        },
        "pipfile-spec": 6,
        "requires": {
            "python_version": "3.14"
        },
        "sources": [
            {
                "name": "pypi",
                "url": "https://pypi.org/simple",
                "verify_ssl": true
            }
        ]
    },
    "default": {
        "asgiref": {
            "hashes": [
                "sha256:59dcb51c272ad209d59bed5708a64a333083e86017d7fcdd67498eeab7784340",
                "sha256:fe386d1c2bff7259ea95929266d12a8cf9a8b5a1c2598402967d8792e7a7c094"
            ],
            "markers": "python_version >= '3.10'",
            "version": "==3.12.1"
        },
        "django": {
            "hashes": [
                "sha256:29019a5763dbd48da1720d687c3522ef40d1c61be6fb2fad27ed79e9f655bc11",
                "sha256:e762bef8629ee704de215ebbd32062b84f4e56327eed412e5544f6f6eb1dfd74"
            ],
            "index": "pypi",
            "markers": "python_version >= '3.10'",
            "version": "==5.0.14"
        },
        "djangorestframework": {
            "hashes": [
                "sha256:89ed713b6dc83e1539f214b7d10808ae19bb8511004beba886225da6d5c9dafa",
                "sha256:cb0546a7415d5b46c04e0f4fe0a54b2109f4fdd5e83ca773c8c6183a6493d042"
            ],
            "index": "pypi",
            "markers": "python_version >= '3.10'",
            "version": "==3.17.2"
        },
        "djangorestframework-simplejwt": {
            "hashes": [
                "sha256:2c30f3707053d384e9f315d11c2daccfcb548d4faa453111ca19a542b732e469",
                "sha256:e72c5572f51d7803021288e2057afcbd03f17fe11d484096f40a460abc76e87f"
            ],
            "index": "pypi",
            "markers": "python_version >= '3.9'",
            "version": "==5.5.1"
        },
        "pyjwt": {
            "hashes": [
                "sha256:41571c89ca91598c79e8ef18a2d07367d4810fbbd6f637794879baf1b7703423",
                "sha256:66adcc2aff09b3f1bbd95fc1e1577df8ac8723c978552fd43304c8a290ac5728"
            ],
            "markers": "python_version >= '3.9'",
            "version": "==2.13.0"
        },
        "sqlparse": {
            "hashes": [
                "sha256:12a08b3bf3eec877c519589833aed092e2444e68240a3577e8e26148acc7b1ba",
                "sha256:e20d4a9b0b8585fdf63b10d30066c7c94c5d7a7ec47c889a2d83a3caa93ff28e"
            ],
            "markers": "python_version >= '3.8'",
            "version": "==0.5.5"
        },
        "tzdata": {
            "hashes": [
                "sha256:4a1518b8993086a7982523e071643f3c0e5f213e75b21318e78bcabfff9d1415",
                "sha256:dc096730c87af6cab1b171c9d532be840741ff5d459015e7f6947bd7d7e54931"
            ],
            "markers": "python_version >= '2'",
            "version": "==2026.3"
        }
    },
    "develop": {}
}
